// !$*UTF8*$!
{
	archiveVersion = 1;
	classes = {
	};
	objectVersion = 50;
	objects = {

/* Begin PBXBuildFile section */
		3659FD57B15F2BC5E3B22349 /* libPods-testPod.a in Frameworks */ = {isa = PBXBuildFile; fileRef = 985D3C6F2934A23FF4923B75 /* libPods-testPod.a */; };
		EB71A507267C7EBD0098A496 /* AppDelegate.m in Sources */ = {isa = PBXBuildFile; fileRef = EB71A506267C7EBD0098A496 /* AppDelegate.m */; };
		EB71A50A267C7EBD0098A496 /* SceneDelegate.m in Sources */ = {isa = PBXBuildFile; fileRef = EB71A509267C7EBD0098A496 /* SceneDelegate.m */; };
		EB71A50D267C7EBD0098A496 /* ViewController.m in Sources */ = {isa = PBXBuildFile; fileRef = EB71A50C267C7EBD0098A496 /* ViewController.m */; };
		EB71A510267C7EBD0098A496 /* Main.storyboard in Resources */ = {isa = PBXBuildFile; fileRef = EB71A50E267C7EBD0098A496 /* Main.storyboard */; };
		EB71A512267C7EC50098A496 /* Assets.xcassets in Resources */ = {isa = PBXBuildFile; fileRef = EB71A511267C7EC50098A496 /* Assets.xcassets */; };
		EB71A515267C7EC50098A496 /* LaunchScreen.storyboard in Resources */ = {isa = PBXBuildFile; fileRef = EB71A513267C7EC50098A496 /* LaunchScreen.storyboard */; };
		EB71A518267C7EC50098A496 /* main.m in Sources */ = {isa = PBXBuildFile; fileRef = EB71A517267C7EC50098A496 /* main.m */; };
/* End PBXBuildFile section */

/* Begin PBXFileReference section */
		985D3C6F2934A23FF4923B75 /* libPods-testPod.a */ = {isa = PBXFileReference; explicitFileType = archive.ar; includeInIndex = 0; path = "libPods-testPod.a"; sourceTree = BUILT_PRODUCTS_DIR; };
		9A4D21186F5DC9CFA930F9C4 /* Pods-testPod.release.xcconfig */ = {isa = PBXFileReference; includeInIndex = 1; lastKnownFileType = text.xcconfig; name = "Pods-testPod.release.xcconfig"; path = "Target Support Files/Pods-testPod/Pods-testPod.release.xcconfig"; sourceTree = "<group>"; };
		A9273417C792AB4A5CA3211D /* Pods-testPod.debug.xcconfig */ = {isa = PBXFileReference; includeInIndex = 1; lastKnownFileType = text.xcconfig; name = "Pods-testPod.debug.xcconfig"; path = "Target Support Files/Pods-testPod/Pods-testPod.debug.xcconfig"; sourceTree = "<group>"; };
		EB71A502267C7EBD0098A496 /* testPod.app */ = {isa = PBXFileReference; explicitFileType = wrapper.application; includeInIndex = 0; path = testPod.app; sourceTree = BUILT_PRODUCTS_DIR; };
		EB71A505267C7EBD0098A496 /* AppDelegate.h */ = {isa = PBXFileReference; lastKnownFileType = sourcecode.c.h; path = AppDelegate.h; sourceTree = "<group>"; };
		EB71A506267C7EBD0098A496 /* AppDelegate.m */ = {isa = PBXFileReference; lastKnownFileType = sourcecode.c.objc; path = AppDelegate.m; sourceTree = "<group>"; };
		EB71A508267C7EBD0098A496 /* SceneDelegate.h */ = {isa = PBXFileReference; lastKnownFileType = sourcecode.c.h; path = SceneDelegate.h; sourceTree = "<group>"; };
		EB71A509267C7EBD0098A496 /* SceneDelegate.m */ = {isa = PBXFileReference; lastKnownFileType = sourcecode.c.objc; path = SceneDelegate.m; sourceTree = "<group>"; };
		EB71A50B267C7EBD0098A496 /* ViewController.h */ = {isa = PBXFileReference; lastKnownFileType = sourcecode.c.h; path = ViewController.h; sourceTree = "<group>"; };
		EB71A50C267C7EBD0098A496 /* ViewController.m */ = {isa = PBXFileReference; lastKnownFileType = sourcecode.c.objc; path = ViewController.m; sourceTree = "<group>"; };
		EB71A50F267C7EBD0098A496 /* Base */ = {isa = PBXFileReference; lastKnownFileType = file.storyboard; name = Base; path = Base.lproj/Main.storyboard; sourceTree = "<group>"; };
		EB71A511267C7EC50098A496 /* Assets.xcassets */ = {isa = PBXFileReference; lastKnownFileType = folder.assetcatalog; path = Assets.xcassets; sourceTree = "<group>"; };
		EB71A514267C7EC50098A496 /* Base */ = {isa = PBXFileReference; lastKnownFileType = file.storyboard; name = Base; path = Base.lproj/LaunchScreen.storyboard; sourceTree = "<group>"; };
		EB71A516267C7EC50098A496 /* Info.plist */ = {isa = PBXFileReference; lastKnownFileType = text.plist.xml; path = Info.plist; sourceTree = "<group>"; };
		EB71A517267C7EC50098A496 /* main.m */ = {isa = PBXFileReference; lastKnownFileType = sourcecode.c.objc; path = main.m; sourceTree = "<group>"; };
/* End PBXFileReference section */

/* Begin PBXFrameworksBuildPhase section */
		EB71A4FF267C7EBD0098A496 /* Frameworks */ = {
			isa = PBXFrameworksBuildPhase;
			buildActionMask = 2147483647;
			files = (
				3659FD57B15F2BC5E3B22349 /* libPods-testPod.a in Frameworks */,
			);
			runOnlyForDeploymentPostprocessing = 0;
		};
/* End PBXFrameworksBuildPhase section */

/* Begin PBXGroup section */
		86295B611BD22B5580A598C8 /* Pods */ = {
			isa = PBXGroup;
			children = (
				A9273417C792AB4A5CA3211D /* Pods-testPod.debug.xcconfig */,
				9A4D21186F5DC9CFA930F9C4 /* Pods-testPod.release.xcconfig */,
			);
			name = Pods;
			path = Pods;
			sourceTree = "<group>";
		};
		9FD6739D0BB7315259506BCC /* Frameworks */ = {
			isa = PBXGroup;
			children = (
				985D3C6F2934A23FF4923B75 /* libPods-testPod.a */,
			);
			name = Frameworks;
			sourceTree = "<group>";
		};
		EB71A4F9267C7EBC0098A496 = {
			isa = PBXGroup;
			children = (
				EB71A504267C7EBD0098A496 /* testPod */,
				EB71A503267C7EBD0098A496 /* Products */,
				86295B611BD22B5580A598C8 /* Pods */,
				9FD6739D0BB7315259506BCC /* Frameworks */,
			);
			sourceTree = "<group>";
		};
		EB71A503267C7EBD0098A496 /* Products */ = {
			isa = PBXGroup;
			children = (
				EB71A502267C7EBD0098A496 /* testPod.app */,
			);
			name = Products;
			sourceTree = "<group>";
		};
		EB71A504267C7EBD0098A496 /* testPod */ = {
			isa = PBXGroup;
			children = (
				EB71A505267C7EBD0098A496 /* AppDelegate.h */,
				EB71A506267C7EBD0098A496 /* AppDelegate.m */,
				EB71A508267C7EBD0098A496 /* SceneDelegate.h */,
				EB71A509267C7EBD0098A496 /* SceneDelegate.m */,
				EB71A50B267C7EBD0098A496 /* ViewController.h */,
				EB71A50C267C7EBD0098A496 /* ViewController.m */,
				EB71A50E267C7EBD0098A496 /* Main.storyboard */,
				EB71A511267C7EC50098A496 /* Assets.xcassets */,
				EB71A513267C7EC50098A496 /* LaunchScreen.storyboard */,
				EB71A516267C7EC50098A496 /* Info.plist */,
				EB71A517267C7EC50098A496 /* main.m */,
			);
			path = testPod;
			sourceTree = "<group>";
		};
/* End PBXGroup section */

/* Begin PBXNativeTarget section */
		EB71A501267C7EBD0098A496 /* testPod */ = {
			isa = PBXNativeTarget;
			buildConfigurationList = EB71A51B267C7EC50098A496 /* Build configuration list for PBXNativeTarget "testPod" */;
			buildPhases = (
				91E31EB1C491BA74F25C272B /* [CP] Check Pods Manifest.lock */,
				EB71A4FE267C7EBD0098A496 /* Sources */,
				EB71A4FF267C7EBD0098A496 /* Frameworks */,
				EB71A500267C7EBD0098A496 /* Resources */,
			);
			buildRules = (
			);
			dependencies = (
			);
			name = testPod;
			productName = testPod;
			productReference = EB71A502267C7EBD0098A496 /* testPod.app */;
			productType = "com.apple.product-type.application";
		};
/* End PBXNativeTarget section */

/* Begin PBXProject section */
		EB71A4FA267C7EBC0098A496 /* Project object */ = {
			isa = PBXProject;
			attributes = {
				LastUpgradeCheck = 1250;
				TargetAttributes = {
					EB71A501267C7EBD0098A496 = {
						CreatedOnToolsVersion = 12.5;
					};
				};
			};
			buildConfigurationList = EB71A4FD267C7EBC0098A496 /* Build configuration list for PBXProject "testPod" */;
			compatibilityVersion = "Xcode 9.3";
			developmentRegion = en;
			hasScannedForEncodings = 0;
			knownRegions = (
				en,
				Base,
			);
			mainGroup = EB71A4F9267C7EBC0098A496;
			productRefGroup = EB71A503267C7EBD0098A496 /* Products */;
			projectDirPath = "";
			projectRoot = "";
			targets = (
				EB71A501267C7EBD0098A496 /* testPod */,
			);
		};
/* End PBXProject section */

/* Begin PBXResourcesBuildPhase section */
		EB71A500267C7EBD0098A496 /* Resources */ = {
			isa = PBXResourcesBuildPhase;
			buildActionMask = 2147483647;
			files = (
				EB71A515267C7EC50098A496 /* LaunchScreen.storyboard in Resources */,
				EB71A512267C7EC50098A496 /* Assets.xcassets in Resources */,
				EB71A510267C7EBD0098A496 /* Main.storyboard in Resources */,
			);
			runOnlyForDeploymentPostprocessing = 0;
		};
/* End PBXResourcesBuildPhase section */

/* Begin PBXShellScriptBuildPhase section */
		91E31EB1C491BA74F25C272B /* [CP] Check Pods Manifest.lock */ = {
			isa = PBXShellScriptBuildPhase;
			buildActionMask = 2147483647;
			files = (
			);
			inputFileListPaths = (
			);
			inputPaths = (
				"${PODS_PODFILE_DIR_PATH}/Podfile.lock",
				"${PODS_ROOT}/Manifest.lock",
			);
			name = "[CP] Check Pods Manifest.lock";
			outputFileListPaths = (
			);
			outputPaths = (
				"$(DERIVED_FILE_DIR)/Pods-testPod-checkManifestLockResult.txt",
			);
			runOnlyForDeploymentPostprocessing = 0;
			shellPath = /bin/sh;
			shellScript = "diff \"${PODS_PODFILE_DIR_PATH}/Podfile.lock\" \"${PODS_ROOT}/Manifest.lock\" > /dev/null\nif [ $? != 0 ] ; then\n    # print error to STDERR\n    echo \"error: The sandbox is not in sync with the Podfile.lock. Run 'pod install' or update your CocoaPods installation.\" >&2\n    exit 1\nfi\n# This output is used by Xcode 'outputs' to avoid re-running this script phase.\necho \"SUCCESS\" > \"${SCRIPT_OUTPUT_FILE_0}\"\n";
			showEnvVarsInLog = 0;
		};
/* End PBXShellScriptBuildPhase section */

/* Begin PBXSourcesBuildPhase section */
		EB71A4FE267C7EBD0098A496 /* Sources */ = {
			isa = PBXSourcesBuildPhase;
			buildActionMask = 2147483647;
			files = (
				EB71A50D267C7EBD0098A496 /* ViewController.m in Sources */,
				EB71A507267C7EBD0098A496 /* AppDelegate.m in Sources */,
				EB71A518267C7EC50098A496 /* main.m in Sources */,
				EB71A50A267C7EBD0098A496 /* SceneDelegate.m in Sources */,
			);
			runOnlyForDeploymentPostprocessing = 0;
		};
/* End PBXSourcesBuildPhase section */

/* Begin PBXVariantGroup section */
		EB71A50E267C7EBD0098A496 /* Main.storyboard */ = {
			isa = PBXVariantGroup;
			children = (
				EB71A50F267C7EBD0098A496 /* Base */,
			);
			name = Main.storyboard;
			sourceTree = "<group>";
		};
		EB71A513267C7EC50098A496 /* LaunchScreen.storyboard */ = {
			isa = PBXVariantGroup;
			children = (
				EB71A514267C7EC50098A496 /* Base */,
			);
			name = LaunchScreen.storyboard;
			sourceTree = "<group>";
		};
/* End PBXVariantGroup section */

/* Begin XCBuildConfiguration section */
		EB71A519267C7EC50098A496 /* Debug */ = {
			isa = XCBuildConfiguration;
			buildSettings = {
				ALWAYS_SEARCH_USER_PATHS = NO;
				CLANG_ANALYZER_NONNULL = YES;
				CLANG_ANALYZER_NUMBER_OBJECT_CONVERSION = YES_AGGRESSIVE;
				CLANG_CXX_LANGUAGE_STANDARD = "gnu++14";
				CLANG_CXX_LIBRARY = "libc++";
				CLANG_ENABLE_MODULES = YES;
				CLANG_ENABLE_OBJC_ARC = YES;
				CLANG_ENABLE_OBJC_WEAK = YES;
				CLANG_WARN_BLOCK_CAPTURE_AUTORELEASING = YES;
				CLANG_WARN_BOOL_CONVERSION = YES;
				CLANG_WARN_COMMA = YES;
				CLANG_WARN_CONSTANT_CONVERSION = YES;
				CLANG_WARN_DEPRECATED_OBJC_IMPLEMENTATIONS = YES;
				CLANG_WARN_DIRECT_OBJC_ISA_USAGE = YES_ERROR;
				CLANG_WARN_DOCUMENTATION_COMMENTS = YES;
				CLANG_WARN_EMPTY_BODY = YES;
				CLANG_WARN_ENUM_CONVERSION = YES;
				CLANG_WARN_INFINITE_RECURSION = YES;
				CLANG_WARN_INT_CONVERSION = YES;
				CLANG_WARN_NON_LITERAL_NULL_CONVERSION = YES;
				CLANG_WARN_OBJC_IMPLICIT_RETAIN_SELF = YES;
				CLANG_WARN_OBJC_LITERAL_CONVERSION = YES;
				CLANG_WARN_OBJC_ROOT_CLASS = YES_ERROR;
				CLANG_WARN_QUOTED_INCLUDE_IN_FRAMEWORK_HEADER = YES;
				CLANG_WARN_RANGE_LOOP_ANALYSIS = YES;
				CLANG_WARN_STRICT_PROTOTYPES = YES;
				CLANG_WARN_SUSPICIOUS_MOVE = YES;
				CLANG_WARN_UNGUARDED_AVAILABILITY = YES_AGGRESSIVE;
				CLANG_WARN_UNREACHABLE_CODE = YES;
				CLANG_WARN__DUPLICATE_METHOD_MATCH = YES;
				COPY_PHASE_STRIP = NO;
				DEBUG_INFORMATION_FORMAT = dwarf;
				ENABLE_STRICT_OBJC_MSGSEND = YES;
				ENABLE_TESTABILITY = YES;
				GCC_C_LANGUAGE_STANDARD = gnu11;
				GCC_DYNAMIC_NO_PIC = NO;
				GCC_NO_COMMON_BLOCKS = YES;
				GCC_OPTIMIZATION_LEVEL = 0;
				GCC_PREPROCESSOR_DEFINITIONS = (
					"DEBUG=1",
					"$(inherited)",
				);
				GCC_WARN_64_TO_32_BIT_CONVERSION = YES;
				GCC_WARN_ABOUT_RETURN_TYPE = YES_ERROR;
				GCC_WARN_UNDECLARED_SELECTOR = YES;
				GCC_WARN_UNINITIALIZED_AUTOS = YES_AGGRESSIVE;
				GCC_WARN_UNUSED_FUNCTION = YES;
				GCC_WARN_UNUSED_VARIABLE = YES;
				IPHONEOS_DEPLOYMENT_TARGET = 14.5;
				MTL_ENABLE_DEBUG_INFO = INCLUDE_SOURCE;
				MTL_FAST_MATH = YES;
				ONLY_ACTIVE_ARCH = YES;
				SDKROOT = iphoneos;
			};
			name = Debug;
		};
		EB71A51A267C7EC50098A496 /* Release */ = {
			isa = XCBuildConfiguration;
			buildSettings = {
				ALWAYS_SEARCH_USER_PATHS = NO;
				CLANG_ANALYZER_NONNULL = YES;
				CLANG_ANALYZER_NUMBER_OBJECT_CONVERSION = YES_AGGRESSIVE;
				CLANG_CXX_LANGUAGE_STANDARD = "gnu++14";
				CLANG_CXX_LIBRARY = "libc++";
				CLANG_ENABLE_MODULES = YES;
				CLANG_ENABLE_OBJC_ARC = YES;
				CLANG_ENABLE_OBJC_WEAK = YES;
				CLANG_WARN_BLOCK_CAPTURE_AUTORELEASING = YES;
				CLANG_WARN_BOOL_CONVERSION = YES;
				CLANG_WARN_COMMA = YES;
				CLANG_WARN_CONSTANT_CONVERSION = YES;
				CLANG_WARN_DEPRECATED_OBJC_IMPLEMENTATIONS = YES;
				CLANG_WARN_DIRECT_OBJC_ISA_USAGE = YES_ERROR;
				CLANG_WARN_DOCUMENTATION_COMMENTS = YES;
				CLANG_WARN_EMPTY_BODY = YES;
				CLANG_WARN_ENUM_CONVERSION = YES;
				CLANG_WARN_INFINITE_RECURSION = YES;
				CLANG_WARN_INT_CONVERSION = YES;
				CLANG_WARN_NON_LITERAL_NULL_CONVERSION = YES;
				CLANG_WARN_OBJC_IMPLICIT_RETAIN_SELF = YES;
				CLANG_WARN_OBJC_LITERAL_CONVERSION = YES;
				CLANG_WARN_OBJC_ROOT_CLASS = YES_ERROR;
				CLANG_WARN_QUOTED_INCLUDE_IN_FRAMEWORK_HEADER = YES;
				CLANG_WARN_RANGE_LOOP_ANALYSIS = YES;
				CLANG_WARN_STRICT_PROTOTYPES = YES;
				CLANG_WARN_SUSPICIOUS_MOVE = YES;
				CLANG_WARN_UNGUARDED_AVAILABILITY = YES_AGGRESSIVE;
				CLANG_WARN_UNREACHABLE_CODE = YES;
				CLANG_WARN__DUPLICATE_METHOD_MATCH = YES;
				COPY_PHASE_STRIP = NO;
				DEBUG_INFORMATION_FORMAT = "dwarf-with-dsym";
				ENABLE_NS_ASSERTIONS = NO;
				ENABLE_STRICT_OBJC_MSGSEND = YES;
				GCC_C_LANGUAGE_STANDARD = gnu11;
				GCC_NO_COMMON_BLOCKS = YES;
				GCC_WARN_64_TO_32_BIT_CONVERSION = YES;
				GCC_WARN_ABOUT_RETURN_TYPE = YES_ERROR;
				GCC_WARN_UNDECLARED_SELECTOR = YES;
				GCC_WARN_UNINITIALIZED_AUTOS = YES_AGGRESSIVE;
				GCC_WARN_UNUSED_FUNCTION = YES;
				GCC_WARN_UNUSED_VARIABLE = YES;
				IPHONEOS_DEPLOYMENT_TARGET = 14.5;
				MTL_ENABLE_DEBUG_INFO = NO;
				MTL_FAST_MATH = YES;
				SDKROOT = iphoneos;
				VALIDATE_PRODUCT = YES;
			};
			name = Release;
		};
		EB71A51C267C7EC50098A496 /* Debug */ = {
			isa = XCBuildConfiguration;
			baseConfigurationReference = A9273417C792AB4A5CA3211D /* Pods-testPod.debug.xcconfig */;
			buildSettings = {
				ASSETCATALOG_COMPILER_APPICON_NAME = AppIcon;
				ASSETCATALOG_COMPILER_GLOBAL_ACCENT_COLOR_NAME = AccentColor;
				CODE_SIGN_STYLE = Automatic;
				INFOPLIST_FILE = testPod/Info.plist;
				LD_RUNPATH_SEARCH_PATHS = (
					"$(inherited)",
					"@executable_path/Frameworks",
				);
				PRODUCT_BUNDLE_IDENTIFIER = com.juvid.testPod;
				PRODUCT_NAME = "$(TARGET_NAME)";
				TARGETED_DEVICE_FAMILY = "1,2";
			};
			name = Debug;
		};
		EB71A51D267C7EC50098A496 /* Release */ = {
			isa = XCBuildConfiguration;
			baseConfigurationReference = 9A4D21186F5DC9CFA930F9C4 /* Pods-testPod.release.xcconfig */;
			buildSettings = {
				ASSETCATALOG_COMPILER_APPICON_NAME = AppIcon;
				ASSETCATALOG_COMPILER_GLOBAL_ACCENT_COLOR_NAME = AccentColor;
				CODE_SIGN_STYLE = Automatic;
				INFOPLIST_FILE = testPod/Info.plist;
				LD_RUNPATH_SEARCH_PATHS = (
					"$(inherited)",
					"@executable_path/Frameworks",
				);
				PRODUCT_BUNDLE_IDENTIFIER = com.juvid.testPod;
				PRODUCT_NAME = "$(TARGET_NAME)";
				TARGETED_DEVICE_FAMILY = "1,2";
			};
			name = Release;
		};
/* End XCBuildConfiguration section */

/* Begin XCConfigurationList section */
		EB71A4FD267C7EBC0098A496 /* Build configuration list for PBXProject "testPod" */ = {
			isa = XCConfigurationList;
			buildConfigurations = (
				EB71A519267C7EC50098A496 /* Debug */,
				EB71A51A267C7EC50098A496 /* Release */,
			);
			defaultConfigurationIsVisible = 0;
			defaultConfigurationName = Release;
		};
		EB71A51B267C7EC50098A496 /* Build configuration list for PBXNativeTarget "testPod" */ = {
			isa = XCConfigurationList;
			buildConfigurations = (
				EB71A51C267C7EC50098A496 /* Debug */,
				EB71A51D267C7EC50098A496 /* Release */,
			);
			defaultConfigurationIsVisible = 0;
			defaultConfigurationName = Release;
		};
/* End XCConfigurationList section */
	};
	rootObject = EB71A4FA267C7EBC0098A496 /* Project object */;
}
